
Microsoft Visual Studio Solution File, Format Version 12.00
# Visual Studio Version 17
VisualStudioVersion = 17.14.36705.20
MinimumVisualStudioVersion = 10.0.40219.1
Project("{FAE04EC0-301F-11D3-BF4B-00C04F79EFBC}") = "CollegeWebApplication", "CollegeWebApplication\CollegeWebApplication.csproj", "{85CE3415-4796-45AA-9F7C-2159B0EE131E}"
EndProject
Project("{FAE04EC0-301F-11D3-BF4B-00C04F79EFBC}") = "CollegeManagementSystem.Tests", "CollegeManagementSystem.Tests\CollegeManagementSystem.Tests.csproj", "{84A73060-D595-4349-849D-2F907F84AC82}"
EndProject
Project("{FAE04EC0-301F-11D3-BF4B-00C04F79EFBC}") = "CollegeManagementSystem.NUnit.Tests", "CollegeManagementSystem.NUnit.Tests\CollegeManagementSystem.NUnit.Tests.csproj", "{D812DFD6-8E74-4BCC-A072-AD4FD5C16571}"
EndProject
Global
	GlobalSection(SolutionConfigurationPlatforms) = preSolution
		Debug|Any CPU = Debug|Any CPU
		Debug|x64 = Debug|x64
		Debug|x86 = Debug|x86
		Release|Any CPU = Release|Any CPU
		Release|x64 = Release|x64
		Release|x86 = Release|x86
	EndGlobalSection
	GlobalSection(ProjectConfigurationPlatforms) = postSolution
		{85CE3415-4796-45AA-9F7C-2159B0EE131E}.Debug|Any CPU.ActiveCfg = Debug|Any CPU
		{85CE3415-4796-45AA-9F7C-2159B0EE131E}.Debug|Any CPU.Build.0 = Debug|Any CPU
		{85CE3415-4796-45AA-9F7C-2159B0EE131E}.Debug|x64.ActiveCfg = Debug|Any CPU
		{85CE3415-4796-45AA-9F7C-2159B0EE131E}.Debug|x64.Build.0 = Debug|Any CPU
		{85CE3415-4796-45AA-9F7C-2159B0EE131E}.Debug|x86.ActiveCfg = Debug|Any CPU
		{85CE3415-4796-45AA-9F7C-2159B0EE131E}.Debug|x86.Build.0 = Debug|Any CPU
		{85CE3415-4796-45AA-9F7C-2159B0EE131E}.Release|Any CPU.ActiveCfg = Release|Any CPU
		{85CE3415-4796-45AA-9F7C-2159B0EE131E}.Release|Any CPU.Build.0 = Release|Any CPU
		{85CE3415-4796-45AA-9F7C-2159B0EE131E}.Release|x64.ActiveCfg = Release|Any CPU
		{85CE3415-4796-45AA-9F7C-2159B0EE131E}.Release|x64.Build.0 = Release|Any CPU
		{85CE3415-4796-45AA-9F7C-2159B0EE131E}.Release|x86.ActiveCfg = Release|Any CPU
		{85CE3415-4796-45AA-9F7C-2159B0EE131E}.Release|x86.Build.0 = Release|Any CPU
		{84A73060-D595-4349-849D-2F907F84AC82}.Debug|Any CPU.ActiveCfg = Debug|Any CPU
		{84A73060-D595-4349-849D-2F907F84AC82}.Debug|Any CPU.Build.0 = Debug|Any CPU
		{84A73060-D595-4349-849D-2F907F84AC82}.Debug|x64.ActiveCfg = Debug|Any CPU
		{84A73060-D595-4349-849D-2F907F84AC82}.Debug|x64.Build.0 = Debug|Any CPU
		{84A73060-D595-4349-849D-2F907F84AC82}.Debug|x86.ActiveCfg = Debug|Any CPU
		{84A73060-D595-4349-849D-2F907F84AC82}.Debug|x86.Build.0 = Debug|Any CPU
		{84A73060-D595-4349-849D-2F907F84AC82}.Release|Any CPU.ActiveCfg = Release|Any CPU
		{84A73060-D595-4349-849D-2F907F84AC82}.Release|Any CPU.Build.0 = Release|Any CPU
		{84A73060-D595-4349-849D-2F907F84AC82}.Release|x64.ActiveCfg = Release|Any CPU
		{84A73060-D595-4349-849D-2F907F84AC82}.Release|x64.Build.0 = Release|Any CPU
		{84A73060-D595-4349-849D-2F907F84AC82}.Release|x86.ActiveCfg = Release|Any CPU
		{84A73060-D595-4349-849D-2F907F84AC82}.Release|x86.Build.0 = Release|Any CPU
		{D812DFD6-8E74-4BCC-A072-AD4FD5C16571}.Debug|Any CPU.ActiveCfg = Debug|Any CPU
		{D812DFD6-8E74-4BCC-A072-AD4FD5C16571}.Debug|Any CPU.Build.0 = Debug|Any CPU
		{D812DFD6-8E74-4BCC-A072-AD4FD5C16571}.Debug|x64.ActiveCfg = Debug|Any CPU
		{D812DFD6-8E74-4BCC-A072-AD4FD5C16571}.Debug|x64.Build.0 = Debug|Any CPU
		{D812DFD6-8E74-4BCC-A072-AD4FD5C16571}.Debug|x86.ActiveCfg = Debug|Any CPU
		{D812DFD6-8E74-4BCC-A072-AD4FD5C16571}.Debug|x86.Build.0 = Debug|Any CPU
		{D812DFD6-8E74-4BCC-A072-AD4FD5C16571}.Release|Any CPU.ActiveCfg = Release|Any CPU
		{D812DFD6-8E74-4BCC-A072-AD4FD5C16571}.Release|Any CPU.Build.0 = Release|Any CPU
		{D812DFD6-8E74-4BCC-A072-AD4FD5C16571}.Release|x64.ActiveCfg = Release|Any CPU
		{D812DFD6-8E74-4BCC-A072-AD4FD5C16571}.Release|x64.Build.0 = Release|Any CPU
		{D812DFD6-8E74-4BCC-A072-AD4FD5C16571}.Release|x86.ActiveCfg = Release|Any CPU
		{D812DFD6-8E74-4BCC-A072-AD4FD5C16571}.Release|x86.Build.0 = Release|Any CPU
	EndGlobalSection
	GlobalSection(SolutionProperties) = preSolution
		HideSolutionNode = FALSE
	EndGlobalSection
	GlobalSection(ExtensibilityGlobals) = postSolution
		SolutionGuid = {E1B0BF6A-7396-47BA-98ED-22552C6AA202}
	EndGlobalSection
EndGlobal
